{
  "name": "ZokratesReactDemo",
  "version": "1.0.0",
  "lockfileVersion": 1,
  "requires": true,
  "dependencies": {
    "zokrates-js": {
      "version": "1.0.27",
      "resolved": "https://registry.npmjs.org/zokrates-js/-/zokrates-js-1.0.27.tgz",
      "integrity": "sha512-4822jeBCpOXS3ptave6SM+wZhMZxD23V5/4jw+nIDSVaFgL56SoV8aaWq9d9mXU4GjoboiOOaz2DXm0SIVsuCQ=="
    }
  }
}
